// !$*UTF8*$!
{
	archiveVersion = 1;
	classes = {
	};
	objectVersion = 50;
	objects = {

/* Begin PBXBuildFile section */
		F72DC07326861CD1003004CC /* AppDelegate.swift in Sources */ = {isa = PBXBuildFile; fileRef = F72DC07226861CD1003004CC /* AppDelegate.swift */; };
		F72DC07526861CD1003004CC /* SceneDelegate.swift in Sources */ = {isa = PBXBuildFile; fileRef = F72DC07426861CD1003004CC /* SceneDelegate.swift */; };
		F72DC07726861CD1003004CC /* ViewController.swift in Sources */ = {isa = PBXBuildFile; fileRef = F72DC07626861CD1003004CC /* ViewController.swift */; };
		F72DC07A26861CD1003004CC /* Main.storyboard in Resources */ = {isa = PBXBuildFile; fileRef = F72DC07826861CD1003004CC /* Main.storyboard */; };
		F72DC07C26861CE0003004CC /* Assets.xcassets in Resources */ = {isa = PBXBuildFile; fileRef = F72DC07B26861CE0003004CC /* Assets.xcassets */; };
		F72DC07F26861CE0003004CC /* LaunchScreen.storyboard in Resources */ = {isa = PBXBuildFile; fileRef = F72DC07D26861CE0003004CC /* LaunchScreen.storyboard */; };
/* End PBXBuildFile section */

/* Begin PBXFileReference section */
		F72DC06F26861CD1003004CC /* UnderArmour.app */ = {isa = PBXFileReference; explicitFileType = wrapper.application; includeInIndex = 0; path = UnderArmour.app; sourceTree = BUILT_PRODUCTS_DIR; };
		F72DC07226861CD1003004CC /* AppDelegate.swift */ = {isa = PBXFileReference; lastKnownFileType = sourcecode.swift; path = AppDelegate.swift; sourceTree = "<group>"; };
		F72DC07426861CD1003004CC /* SceneDelegate.swift */ = {isa = PBXFileReference; lastKnownFileType = sourcecode.swift; path = SceneDelegate.swift; sourceTree = "<group>"; };
		F72DC07626861CD1003004CC /* ViewController.swift */ = {isa = PBXFileReference; lastKnownFileType = sourcecode.swift; path = ViewController.swift; sourceTree = "<group>"; };
		F72DC07926861CD1003004CC /* Base */ = {isa = PBXFileReference; lastKnownFileType = file.storyboard; name = Base; path = Base.lproj/Main.storyboard; sourceTree = "<group>"; };
		F72DC07B26861CE0003004CC /* Assets.xcassets */ = {isa = PBXFileReference; lastKnownFileType = folder.assetcatalog; path = Assets.xcassets; sourceTree = "<group>"; };
		F72DC07E26861CE0003004CC /* Base */ = {isa = PBXFileReference; lastKnownFileType = file.storyboard; name = Base; path = Base.lproj/LaunchScreen.storyboard; sourceTree = "<group>"; };
		F72DC08026861CE0003004CC /* Info.plist */ = {isa = PBXFileReference; lastKnownFileType = text.plist.xml; path = Info.plist; sourceTree = "<group>"; };
/* End PBXFileReference section */

/* Begin PBXFrameworksBuildPhase section */
		F72DC06C26861CD1003004CC /* Frameworks */ = {
			isa = PBXFrameworksBuildPhase;
			buildActionMask = 2147483647;
			files = (
			);
			runOnlyForDeploymentPostprocessing = 0;
		};
/* End PBXFrameworksBuildPhase section */

/* Begin PBXGroup section */
		F72DC06626861CD0003004CC = {
			isa = PBXGroup;
			children = (
				F72DC07126861CD1003004CC /* UnderArmour */,
				F72DC07026861CD1003004CC /* Products */,
			);
			sourceTree = "<group>";
		};
		F72DC07026861CD1003004CC /* Products */ = {
			isa = PBXGroup;
			children = (
				F72DC06F26861CD1003004CC /* UnderArmour.app */,
			);
			name = Products;
			sourceTree = "<group>";
		};
		F72DC07126861CD1003004CC /* UnderArmour */ = {
			isa = PBXGroup;
			children = (
				F72DC08926861F13003004CC /* Controller */,
				F72DC08826861F07003004CC /* Model */,
				F72DC08726861EED003004CC /* View */,
				F72DC07226861CD1003004CC /* AppDelegate.swift */,
				F72DC07426861CD1003004CC /* SceneDelegate.swift */,
				F72DC07B26861CE0003004CC /* Assets.xcassets */,
				F72DC07D26861CE0003004CC /* LaunchScreen.storyboard */,
				F72DC08026861CE0003004CC /* Info.plist */,
			);
			path = UnderArmour;
			sourceTree = "<group>";
		};
		F72DC08726861EED003004CC /* View */ = {
			isa = PBXGroup;
			children = (
				F72DC07826861CD1003004CC /* Main.storyboard */,
			);
			path = View;
			sourceTree = "<group>";
		};
		F72DC08826861F07003004CC /* Model */ = {
			isa = PBXGroup;
			children = (
			);
			path = Model;
			sourceTree = "<group>";
		};
		F72DC08926861F13003004CC /* Controller */ = {
			isa = PBXGroup;
			children = (
				F72DC07626861CD1003004CC /* ViewController.swift */,
			);
			path = Controller;
			sourceTree = "<group>";
		};
/* End PBXGroup section */

/* Begin PBXNativeTarget section */
		F72DC06E26861CD1003004CC /* UnderArmour */ = {
			isa = PBXNativeTarget;
			buildConfigurationList = F72DC08326861CE0003004CC /* Build configuration list for PBXNativeTarget "UnderArmour" */;
			buildPhases = (
				F72DC06B26861CD1003004CC /* Sources */,
				F72DC06C26861CD1003004CC /* Frameworks */,
				F72DC06D26861CD1003004CC /* Resources */,
			);
			buildRules = (
			);
			dependencies = (
			);
			name = UnderArmour;
			productName = UnderArmour;
			productReference = F72DC06F26861CD1003004CC /* UnderArmour.app */;
			productType = "com.apple.product-type.application";
		};
/* End PBXNativeTarget section */

/* Begin PBXProject section */
		F72DC06726861CD0003004CC /* Project object */ = {
			isa = PBXProject;
			attributes = {
				LastSwiftUpdateCheck = 1240;
				LastUpgradeCheck = 1240;
				TargetAttributes = {
					F72DC06E26861CD1003004CC = {
						CreatedOnToolsVersion = 12.4;
					};
				};
			};
			buildConfigurationList = F72DC06A26861CD1003004CC /* Build configuration list for PBXProject "UnderArmour" */;
			compatibilityVersion = "Xcode 9.3";
			developmentRegion = en;
			hasScannedForEncodings = 0;
			knownRegions = (
				en,
				Base,
			);
			mainGroup = F72DC06626861CD0003004CC;
			productRefGroup = F72DC07026861CD1003004CC /* Products */;
			projectDirPath = "";
			projectRoot = "";
			targets = (
				F72DC06E26861CD1003004CC /* UnderArmour */,
			);
		};
/* End PBXProject section */

/* Begin PBXResourcesBuildPhase section */
		F72DC06D26861CD1003004CC /* Resources */ = {
			isa = PBXResourcesBuildPhase;
			buildActionMask = 2147483647;
			files = (
				F72DC07F26861CE0003004CC /* LaunchScreen.storyboard in Resources */,
				F72DC07C26861CE0003004CC /* Assets.xcassets in Resources */,
				F72DC07A26861CD1003004CC /* Main.storyboard in Resources */,
			);
			runOnlyForDeploymentPostprocessing = 0;
		};
/* End PBXResourcesBuildPhase section */

/* Begin PBXSourcesBuildPhase section */
		F72DC06B26861CD1003004CC /* Sources */ = {
			isa = PBXSourcesBuildPhase;
			buildActionMask = 2147483647;
			files = (
				F72DC07726861CD1003004CC /* ViewController.swift in Sources */,
				F72DC07326861CD1003004CC /* AppDelegate.swift in Sources */,
				F72DC07526861CD1003004CC /* SceneDelegate.swift in Sources */,
			);
			runOnlyForDeploymentPostprocessing = 0;
		};
/* End PBXSourcesBuildPhase section */

/* Begin PBXVariantGroup section */
		F72DC07826861CD1003004CC /* Main.storyboard */ = {
			isa = PBXVariantGroup;
			children = (
				F72DC07926861CD1003004CC /* Base */,
			);
			name = Main.storyboard;
			sourceTree = "<group>";
		};
		F72DC07D26861CE0003004CC /* LaunchScreen.storyboard */ = {
			isa = PBXVariantGroup;
			children = (
				F72DC07E26861CE0003004CC /* Base */,
			);
			name = LaunchScreen.storyboard;
			sourceTree = "<group>";
		};
/* End PBXVariantGroup section */

/* Begin XCBuildConfiguration section */
		F72DC08126861CE0003004CC /* Debug */ = {
			isa = XCBuildConfiguration;
			buildSettings = {
				ALWAYS_SEARCH_USER_PATHS = NO;
				CLANG_ANALYZER_NONNULL = YES;
				CLANG_ANALYZER_NUMBER_OBJECT_CONVERSION = YES_AGGRESSIVE;
				CLANG_CXX_LANGUAGE_STANDARD = "gnu++14";
				CLANG_CXX_LIBRARY = "libc++";
				CLANG_ENABLE_MODULES = YES;
				CLANG_ENABLE_OBJC_ARC = YES;
				CLANG_ENABLE_OBJC_WEAK = YES;
				CLANG_WARN_BLOCK_CAPTURE_AUTORELEASING = YES;
				CLANG_WARN_BOOL_CONVERSION = YES;
				CLANG_WARN_COMMA = YES;
				CLANG_WARN_CONSTANT_CONVERSION = YES;
				CLANG_WARN_DEPRECATED_OBJC_IMPLEMENTATIONS = YES;
				CLANG_WARN_DIRECT_OBJC_ISA_USAGE = YES_ERROR;
				CLANG_WARN_DOCUMENTATION_COMMENTS = YES;
				CLANG_WARN_EMPTY_BODY = YES;
				CLANG_WARN_ENUM_CONVERSION = YES;
				CLANG_WARN_INFINITE_RECURSION = YES;
				CLANG_WARN_INT_CONVERSION = YES;
				CLANG_WARN_NON_LITERAL_NULL_CONVERSION = YES;
				CLANG_WARN_OBJC_IMPLICIT_RETAIN_SELF = YES;
				CLANG_WARN_OBJC_LITERAL_CONVERSION = YES;
				CLANG_WARN_OBJC_ROOT_CLASS = YES_ERROR;
				CLANG_WARN_QUOTED_INCLUDE_IN_FRAMEWORK_HEADER = YES;
				CLANG_WARN_RANGE_LOOP_ANALYSIS = YES;
				CLANG_WARN_STRICT_PROTOTYPES = YES;
				CLANG_WARN_SUSPICIOUS_MOVE = YES;
				CLANG_WARN_UNGUARDED_AVAILABILITY = YES_AGGRESSIVE;
				CLANG_WARN_UNREACHABLE_CODE = YES;
				CLANG_WARN__DUPLICATE_METHOD_MATCH = YES;
				COPY_PHASE_STRIP = NO;
				DEBUG_INFORMATION_FORMAT = dwarf;
				ENABLE_STRICT_OBJC_MSGSEND = YES;
				ENABLE_TESTABILITY = YES;
				GCC_C_LANGUAGE_STANDARD = gnu11;
				GCC_DYNAMIC_NO_PIC = NO;
				GCC_NO_COMMON_BLOCKS = YES;
				GCC_OPTIMIZATION_LEVEL = 0;
				GCC_PREPROCESSOR_DEFINITIONS = (
					"DEBUG=1",
					"$(inherited)",
				);
				GCC_WARN_64_TO_32_BIT_CONVERSION = YES;
				GCC_WARN_ABOUT_RETURN_TYPE = YES_ERROR;
				GCC_WARN_UNDECLARED_SELECTOR = YES;
				GCC_WARN_UNINITIALIZED_AUTOS = YES_AGGRESSIVE;
				GCC_WARN_UNUSED_FUNCTION = YES;
				GCC_WARN_UNUSED_VARIABLE = YES;
				IPHONEOS_DEPLOYMENT_TARGET = 14.4;
				MTL_ENABLE_DEBUG_INFO = INCLUDE_SOURCE;
				MTL_FAST_MATH = YES;
				ONLY_ACTIVE_ARCH = YES;
				SDKROOT = iphoneos;
				SWIFT_ACTIVE_COMPILATION_CONDITIONS = DEBUG;
				SWIFT_OPTIMIZATION_LEVEL = "-Onone";
			};
			name = Debug;
		};
		F72DC08226861CE0003004CC /* Release */ = {
			isa = XCBuildConfiguration;
			buildSettings = {
				ALWAYS_SEARCH_USER_PATHS = NO;
				CLANG_ANALYZER_NONNULL = YES;
				CLANG_ANALYZER_NUMBER_OBJECT_CONVERSION = YES_AGGRESSIVE;
				CLANG_CXX_LANGUAGE_STANDARD = "gnu++14";
				CLANG_CXX_LIBRARY = "libc++";
				CLANG_ENABLE_MODULES = YES;
				CLANG_ENABLE_OBJC_ARC = YES;
				CLANG_ENABLE_OBJC_WEAK = YES;
				CLANG_WARN_BLOCK_CAPTURE_AUTORELEASING = YES;
				CLANG_WARN_BOOL_CONVERSION = YES;
				CLANG_WARN_COMMA = YES;
				CLANG_WARN_CONSTANT_CONVERSION = YES;
				CLANG_WARN_DEPRECATED_OBJC_IMPLEMENTATIONS = YES;
				CLANG_WARN_DIRECT_OBJC_ISA_USAGE = YES_ERROR;
				CLANG_WARN_DOCUMENTATION_COMMENTS = YES;
				CLANG_WARN_EMPTY_BODY = YES;
				CLANG_WARN_ENUM_CONVERSION = YES;
				CLANG_WARN_INFINITE_RECURSION = YES;
				CLANG_WARN_INT_CONVERSION = YES;
				CLANG_WARN_NON_LITERAL_NULL_CONVERSION = YES;
				CLANG_WARN_OBJC_IMPLICIT_RETAIN_SELF = YES;
				CLANG_WARN_OBJC_LITERAL_CONVERSION = YES;
				CLANG_WARN_OBJC_ROOT_CLASS = YES_ERROR;
				CLANG_WARN_QUOTED_INCLUDE_IN_FRAMEWORK_HEADER = YES;
				CLANG_WARN_RANGE_LOOP_ANALYSIS = YES;
				CLANG_WARN_STRICT_PROTOTYPES = YES;
				CLANG_WARN_SUSPICIOUS_MOVE = YES;
				CLANG_WARN_UNGUARDED_AVAILABILITY = YES_AGGRESSIVE;
				CLANG_WARN_UNREACHABLE_CODE = YES;
				CLANG_WARN__DUPLICATE_METHOD_MATCH = YES;
				COPY_PHASE_STRIP = NO;
				DEBUG_INFORMATION_FORMAT = "dwarf-with-dsym";
				ENABLE_NS_ASSERTIONS = NO;
				ENABLE_STRICT_OBJC_MSGSEND = YES;
				GCC_C_LANGUAGE_STANDARD = gnu11;
				GCC_NO_COMMON_BLOCKS = YES;
				GCC_WARN_64_TO_32_BIT_CONVERSION = YES;
				GCC_WARN_ABOUT_RETURN_TYPE = YES_ERROR;
				GCC_WARN_UNDECLARED_SELECTOR = YES;
				GCC_WARN_UNINITIALIZED_AUTOS = YES_AGGRESSIVE;
				GCC_WARN_UNUSED_FUNCTION = YES;
				GCC_WARN_UNUSED_VARIABLE = YES;
				IPHONEOS_DEPLOYMENT_TARGET = 14.4;
				MTL_ENABLE_DEBUG_INFO = NO;
				MTL_FAST_MATH = YES;
				SDKROOT = iphoneos;
				SWIFT_COMPILATION_MODE = wholemodule;
				SWIFT_OPTIMIZATION_LEVEL = "-O";
				VALIDATE_PRODUCT = YES;
			};
			name = Release;
		};
		F72DC08426861CE0003004CC /* Debug */ = {
			isa = XCBuildConfiguration;
			buildSettings = {
				ASSETCATALOG_COMPILER_APPICON_NAME = AppIcon;
				ASSETCATALOG_COMPILER_GLOBAL_ACCENT_COLOR_NAME = AccentColor;
				CODE_SIGN_STYLE = Automatic;
				DEVELOPMENT_TEAM = RDA574N926;
				INFOPLIST_FILE = UnderArmour/Info.plist;
				LD_RUNPATH_SEARCH_PATHS = (
					"$(inherited)",
					"@executable_path/Frameworks",
				);
				PRODUCT_BUNDLE_IDENTIFIER = com.patriciafiona.UnderArmour;
				PRODUCT_NAME = "$(TARGET_NAME)";
				SWIFT_VERSION = 5.0;
				TARGETED_DEVICE_FAMILY = "1,2";
			};
			name = Debug;
		};
		F72DC08526861CE0003004CC /* Release */ = {
			isa = XCBuildConfiguration;
			buildSettings = {
				ASSETCATALOG_COMPILER_APPICON_NAME = AppIcon;
				ASSETCATALOG_COMPILER_GLOBAL_ACCENT_COLOR_NAME = AccentColor;
				CODE_SIGN_STYLE = Automatic;
				DEVELOPMENT_TEAM = RDA574N926;
				INFOPLIST_FILE = UnderArmour/Info.plist;
				LD_RUNPATH_SEARCH_PATHS = (
					"$(inherited)",
					"@executable_path/Frameworks",
				);
				PRODUCT_BUNDLE_IDENTIFIER = com.patriciafiona.UnderArmour;
				PRODUCT_NAME = "$(TARGET_NAME)";
				SWIFT_VERSION = 5.0;
				TARGETED_DEVICE_FAMILY = "1,2";
			};
			name = Release;
		};
/* End XCBuildConfiguration section */

/* Begin XCConfigurationList section */
		F72DC06A26861CD1003004CC /* Build configuration list for PBXProject "UnderArmour" */ = {
			isa = XCConfigurationList;
			buildConfigurations = (
				F72DC08126861CE0003004CC /* Debug */,
				F72DC08226861CE0003004CC /* Release */,
			);
			defaultConfigurationIsVisible = 0;
			defaultConfigurationName = Release;
		};
		F72DC08326861CE0003004CC /* Build configuration list for PBXNativeTarget "UnderArmour" */ = {
			isa = XCConfigurationList;
			buildConfigurations = (
				F72DC08426861CE0003004CC /* Debug */,
				F72DC08526861CE0003004CC /* Release */,
			);
			defaultConfigurationIsVisible = 0;
			defaultConfigurationName = Release;
		};
/* End XCConfigurationList section */
	};
	rootObject = F72DC06726861CD0003004CC /* Project object */;
}
